
Microsoft Visual Studio Solution File, Format Version 12.00
# Visual Studio Version 16
VisualStudioVersion = 16.0.29613.14
MinimumVisualStudioVersion = 10.0.40219.1
Project("{FAE04EC0-301F-11D3-BF4B-00C04F79EFBC}") = "CalcLibrary", "CalcLibrary\CalcLibrary.csproj", "{012A4EF5-8052-4479-B6DC-632D7B73CD9E}"
EndProject
Project("{FAE04EC0-301F-11D3-BF4B-00C04F79EFBC}") = "CalcLibrary.Test", "TestCalc\CalcLibrary.Test.csproj", "{76EF4307-AD74-486E-8EA7-B91E32BA61C7}"
EndProject
Project("{FAE04EC0-301F-11D3-BF4B-00C04F79EFBC}") = "InterfacciaGrafica", "InterfacciaGrafica\InterfacciaGrafica.csproj", "{2B28A2EA-D39E-416C-8D85-0C119BDF56FA}"
EndProject
Global
	GlobalSection(SolutionConfigurationPlatforms) = preSolution
		Debug|Any CPU = Debug|Any CPU
		Release|Any CPU = Release|Any CPU
	EndGlobalSection
	GlobalSection(ProjectConfigurationPlatforms) = postSolution
		{012A4EF5-8052-4479-B6DC-632D7B73CD9E}.Debug|Any CPU.ActiveCfg = Debug|Any CPU
		{012A4EF5-8052-4479-B6DC-632D7B73CD9E}.Debug|Any CPU.Build.0 = Debug|Any CPU
		{012A4EF5-8052-4479-B6DC-632D7B73CD9E}.Release|Any CPU.ActiveCfg = Release|Any CPU
		{012A4EF5-8052-4479-B6DC-632D7B73CD9E}.Release|Any CPU.Build.0 = Release|Any CPU
		{76EF4307-AD74-486E-8EA7-B91E32BA61C7}.Debug|Any CPU.ActiveCfg = Debug|Any CPU
		{76EF4307-AD74-486E-8EA7-B91E32BA61C7}.Debug|Any CPU.Build.0 = Debug|Any CPU
		{76EF4307-AD74-486E-8EA7-B91E32BA61C7}.Release|Any CPU.ActiveCfg = Release|Any CPU
		{76EF4307-AD74-486E-8EA7-B91E32BA61C7}.Release|Any CPU.Build.0 = Release|Any CPU
		{2B28A2EA-D39E-416C-8D85-0C119BDF56FA}.Debug|Any CPU.ActiveCfg = Debug|Any CPU
		{2B28A2EA-D39E-416C-8D85-0C119BDF56FA}.Debug|Any CPU.Build.0 = Debug|Any CPU
		{2B28A2EA-D39E-416C-8D85-0C119BDF56FA}.Release|Any CPU.ActiveCfg = Release|Any CPU
		{2B28A2EA-D39E-416C-8D85-0C119BDF56FA}.Release|Any CPU.Build.0 = Release|Any CPU
	EndGlobalSection
	GlobalSection(SolutionProperties) = preSolution
		HideSolutionNode = FALSE
	EndGlobalSection
	GlobalSection(ExtensibilityGlobals) = postSolution
		SolutionGuid = {847F1241-B1B4-46C9-9A60-41BC6237CE65}
	EndGlobalSection
EndGlobal
